// !$*UTF8*$!
{
	archiveVersion = 1;
	classes = {
	};
	objectVersion = 50;
	objects = {

/* Begin PBXBuildFile section */
		A43B53AC25A31A1800C5C8A0 /* CardDetails.swift in Sources */ = {isa = PBXBuildFile; fileRef = A43B53AB25A31A1800C5C8A0 /* CardDetails.swift */; };
		A4C0C9DB25A2E03000F963EE /* AppDelegate.swift in Sources */ = {isa = PBXBuildFile; fileRef = A4C0C9DA25A2E03000F963EE /* AppDelegate.swift */; };
		A4C0C9DD25A2E03000F963EE /* SceneDelegate.swift in Sources */ = {isa = PBXBuildFile; fileRef = A4C0C9DC25A2E03000F963EE /* SceneDelegate.swift */; };
		A4C0C9DF25A2E03000F963EE /* ContentView.swift in Sources */ = {isa = PBXBuildFile; fileRef = A4C0C9DE25A2E03000F963EE /* ContentView.swift */; };
		A4C0C9E125A2E03400F963EE /* Assets.xcassets in Resources */ = {isa = PBXBuildFile; fileRef = A4C0C9E025A2E03400F963EE /* Assets.xcassets */; };
		A4C0C9E425A2E03400F963EE /* Preview Assets.xcassets in Resources */ = {isa = PBXBuildFile; fileRef = A4C0C9E325A2E03400F963EE /* Preview Assets.xcassets */; };
		A4C0C9E725A2E03400F963EE /* LaunchScreen.storyboard in Resources */ = {isa = PBXBuildFile; fileRef = A4C0C9E525A2E03400F963EE /* LaunchScreen.storyboard */; };
		A4C0C9F125A2E07A00F963EE /* Types.swift in Sources */ = {isa = PBXBuildFile; fileRef = A4C0C9EF25A2E07A00F963EE /* Types.swift */; };
		A4C0C9F225A2E07A00F963EE /* StoryModel.swift in Sources */ = {isa = PBXBuildFile; fileRef = A4C0C9F025A2E07A00F963EE /* StoryModel.swift */; };
/* End PBXBuildFile section */

/* Begin PBXFileReference section */
		A43B53AB25A31A1800C5C8A0 /* CardDetails.swift */ = {isa = PBXFileReference; lastKnownFileType = sourcecode.swift; path = CardDetails.swift; sourceTree = "<group>"; };
		A4C0C9D725A2E03000F963EE /* CardSwipe.app */ = {isa = PBXFileReference; explicitFileType = wrapper.application; includeInIndex = 0; path = CardSwipe.app; sourceTree = BUILT_PRODUCTS_DIR; };
		A4C0C9DA25A2E03000F963EE /* AppDelegate.swift */ = {isa = PBXFileReference; lastKnownFileType = sourcecode.swift; path = AppDelegate.swift; sourceTree = "<group>"; };
		A4C0C9DC25A2E03000F963EE /* SceneDelegate.swift */ = {isa = PBXFileReference; lastKnownFileType = sourcecode.swift; path = SceneDelegate.swift; sourceTree = "<group>"; };
		A4C0C9DE25A2E03000F963EE /* ContentView.swift */ = {isa = PBXFileReference; lastKnownFileType = sourcecode.swift; path = ContentView.swift; sourceTree = "<group>"; };
		A4C0C9E025A2E03400F963EE /* Assets.xcassets */ = {isa = PBXFileReference; lastKnownFileType = folder.assetcatalog; path = Assets.xcassets; sourceTree = "<group>"; };
		A4C0C9E325A2E03400F963EE /* Preview Assets.xcassets */ = {isa = PBXFileReference; lastKnownFileType = folder.assetcatalog; path = "Preview Assets.xcassets"; sourceTree = "<group>"; };
		A4C0C9E625A2E03400F963EE /* Base */ = {isa = PBXFileReference; lastKnownFileType = file.storyboard; name = Base; path = Base.lproj/LaunchScreen.storyboard; sourceTree = "<group>"; };
		A4C0C9E825A2E03400F963EE /* Info.plist */ = {isa = PBXFileReference; lastKnownFileType = text.plist.xml; path = Info.plist; sourceTree = "<group>"; };
		A4C0C9EF25A2E07A00F963EE /* Types.swift */ = {isa = PBXFileReference; fileEncoding = 4; lastKnownFileType = sourcecode.swift; path = Types.swift; sourceTree = "<group>"; };
		A4C0C9F025A2E07A00F963EE /* StoryModel.swift */ = {isa = PBXFileReference; fileEncoding = 4; lastKnownFileType = sourcecode.swift; path = StoryModel.swift; sourceTree = "<group>"; };
/* End PBXFileReference section */

/* Begin PBXFrameworksBuildPhase section */
		A4C0C9D425A2E03000F963EE /* Frameworks */ = {
			isa = PBXFrameworksBuildPhase;
			buildActionMask = 2147483647;
			files = (
			);
			runOnlyForDeploymentPostprocessing = 0;
		};
/* End PBXFrameworksBuildPhase section */

/* Begin PBXGroup section */
		A4C0C9CE25A2E03000F963EE = {
			isa = PBXGroup;
			children = (
				A4C0C9D925A2E03000F963EE /* CardSwipe */,
				A4C0C9D825A2E03000F963EE /* Products */,
			);
			sourceTree = "<group>";
		};
		A4C0C9D825A2E03000F963EE /* Products */ = {
			isa = PBXGroup;
			children = (
				A4C0C9D725A2E03000F963EE /* CardSwipe.app */,
			);
			name = Products;
			sourceTree = "<group>";
		};
		A4C0C9D925A2E03000F963EE /* CardSwipe */ = {
			isa = PBXGroup;
			children = (
				A4C0C9DA25A2E03000F963EE /* AppDelegate.swift */,
				A4C0C9DC25A2E03000F963EE /* SceneDelegate.swift */,
				A4C0C9F025A2E07A00F963EE /* StoryModel.swift */,
				A4C0C9EF25A2E07A00F963EE /* Types.swift */,
				A4C0C9DE25A2E03000F963EE /* ContentView.swift */,
				A43B53AB25A31A1800C5C8A0 /* CardDetails.swift */,
				A4C0C9E025A2E03400F963EE /* Assets.xcassets */,
				A4C0C9E525A2E03400F963EE /* LaunchScreen.storyboard */,
				A4C0C9E825A2E03400F963EE /* Info.plist */,
				A4C0C9E225A2E03400F963EE /* Preview Content */,
			);
			path = CardSwipe;
			sourceTree = "<group>";
		};
		A4C0C9E225A2E03400F963EE /* Preview Content */ = {
			isa = PBXGroup;
			children = (
				A4C0C9E325A2E03400F963EE /* Preview Assets.xcassets */,
			);
			path = "Preview Content";
			sourceTree = "<group>";
		};
/* End PBXGroup section */

/* Begin PBXNativeTarget section */
		A4C0C9D625A2E03000F963EE /* CardSwipe */ = {
			isa = PBXNativeTarget;
			buildConfigurationList = A4C0C9EB25A2E03400F963EE /* Build configuration list for PBXNativeTarget "CardSwipe" */;
			buildPhases = (
				A4C0C9D325A2E03000F963EE /* Sources */,
				A4C0C9D425A2E03000F963EE /* Frameworks */,
				A4C0C9D525A2E03000F963EE /* Resources */,
			);
			buildRules = (
			);
			dependencies = (
			);
			name = CardSwipe;
			productName = CardSwipe;
			productReference = A4C0C9D725A2E03000F963EE /* CardSwipe.app */;
			productType = "com.apple.product-type.application";
		};
/* End PBXNativeTarget section */

/* Begin PBXProject section */
		A4C0C9CF25A2E03000F963EE /* Project object */ = {
			isa = PBXProject;
			attributes = {
				LastSwiftUpdateCheck = 1210;
				LastUpgradeCheck = 1210;
				TargetAttributes = {
					A4C0C9D625A2E03000F963EE = {
						CreatedOnToolsVersion = 12.1;
					};
				};
			};
			buildConfigurationList = A4C0C9D225A2E03000F963EE /* Build configuration list for PBXProject "CardSwipe" */;
			compatibilityVersion = "Xcode 9.3";
			developmentRegion = en;
			hasScannedForEncodings = 0;
			knownRegions = (
				en,
				Base,
			);
			mainGroup = A4C0C9CE25A2E03000F963EE;
			productRefGroup = A4C0C9D825A2E03000F963EE /* Products */;
			projectDirPath = "";
			projectRoot = "";
			targets = (
				A4C0C9D625A2E03000F963EE /* CardSwipe */,
			);
		};
/* End PBXProject section */

/* Begin PBXResourcesBuildPhase section */
		A4C0C9D525A2E03000F963EE /* Resources */ = {
			isa = PBXResourcesBuildPhase;
			buildActionMask = 2147483647;
			files = (
				A4C0C9E725A2E03400F963EE /* LaunchScreen.storyboard in Resources */,
				A4C0C9E425A2E03400F963EE /* Preview Assets.xcassets in Resources */,
				A4C0C9E125A2E03400F963EE /* Assets.xcassets in Resources */,
			);
			runOnlyForDeploymentPostprocessing = 0;
		};
/* End PBXResourcesBuildPhase section */

/* Begin PBXSourcesBuildPhase section */
		A4C0C9D325A2E03000F963EE /* Sources */ = {
			isa = PBXSourcesBuildPhase;
			buildActionMask = 2147483647;
			files = (
				A4C0C9DB25A2E03000F963EE /* AppDelegate.swift in Sources */,
				A4C0C9DD25A2E03000F963EE /* SceneDelegate.swift in Sources */,
				A4C0C9DF25A2E03000F963EE /* ContentView.swift in Sources */,
				A4C0C9F125A2E07A00F963EE /* Types.swift in Sources */,
				A43B53AC25A31A1800C5C8A0 /* CardDetails.swift in Sources */,
				A4C0C9F225A2E07A00F963EE /* StoryModel.swift in Sources */,
			);
			runOnlyForDeploymentPostprocessing = 0;
		};
/* End PBXSourcesBuildPhase section */

/* Begin PBXVariantGroup section */
		A4C0C9E525A2E03400F963EE /* LaunchScreen.storyboard */ = {
			isa = PBXVariantGroup;
			children = (
				A4C0C9E625A2E03400F963EE /* Base */,
			);
			name = LaunchScreen.storyboard;
			sourceTree = "<group>";
		};
/* End PBXVariantGroup section */

/* Begin XCBuildConfiguration section */
		A4C0C9E925A2E03400F963EE /* Debug */ = {
			isa = XCBuildConfiguration;
			buildSettings = {
				ALWAYS_SEARCH_USER_PATHS = NO;
				CLANG_ANALYZER_NONNULL = YES;
				CLANG_ANALYZER_NUMBER_OBJECT_CONVERSION = YES_AGGRESSIVE;
				CLANG_CXX_LANGUAGE_STANDARD = "gnu++14";
				CLANG_CXX_LIBRARY = "libc++";
				CLANG_ENABLE_MODULES = YES;
				CLANG_ENABLE_OBJC_ARC = YES;
				CLANG_ENABLE_OBJC_WEAK = YES;
				CLANG_WARN_BLOCK_CAPTURE_AUTORELEASING = YES;
				CLANG_WARN_BOOL_CONVERSION = YES;
				CLANG_WARN_COMMA = YES;
				CLANG_WARN_CONSTANT_CONVERSION = YES;
				CLANG_WARN_DEPRECATED_OBJC_IMPLEMENTATIONS = YES;
				CLANG_WARN_DIRECT_OBJC_ISA_USAGE = YES_ERROR;
				CLANG_WARN_DOCUMENTATION_COMMENTS = YES;
				CLANG_WARN_EMPTY_BODY = YES;
				CLANG_WARN_ENUM_CONVERSION = YES;
				CLANG_WARN_INFINITE_RECURSION = YES;
				CLANG_WARN_INT_CONVERSION = YES;
				CLANG_WARN_NON_LITERAL_NULL_CONVERSION = YES;
				CLANG_WARN_OBJC_IMPLICIT_RETAIN_SELF = YES;
				CLANG_WARN_OBJC_LITERAL_CONVERSION = YES;
				CLANG_WARN_OBJC_ROOT_CLASS = YES_ERROR;
				CLANG_WARN_QUOTED_INCLUDE_IN_FRAMEWORK_HEADER = YES;
				CLANG_WARN_RANGE_LOOP_ANALYSIS = YES;
				CLANG_WARN_STRICT_PROTOTYPES = YES;
				CLANG_WARN_SUSPICIOUS_MOVE = YES;
				CLANG_WARN_UNGUARDED_AVAILABILITY = YES_AGGRESSIVE;
				CLANG_WARN_UNREACHABLE_CODE = YES;
				CLANG_WARN__DUPLICATE_METHOD_MATCH = YES;
				COPY_PHASE_STRIP = NO;
				DEBUG_INFORMATION_FORMAT = dwarf;
				ENABLE_STRICT_OBJC_MSGSEND = YES;
				ENABLE_TESTABILITY = YES;
				GCC_C_LANGUAGE_STANDARD = gnu11;
				GCC_DYNAMIC_NO_PIC = NO;
				GCC_NO_COMMON_BLOCKS = YES;
				GCC_OPTIMIZATION_LEVEL = 0;
				GCC_PREPROCESSOR_DEFINITIONS = (
					"DEBUG=1",
					"$(inherited)",
				);
				GCC_WARN_64_TO_32_BIT_CONVERSION = YES;
				GCC_WARN_ABOUT_RETURN_TYPE = YES_ERROR;
				GCC_WARN_UNDECLARED_SELECTOR = YES;
				GCC_WARN_UNINITIALIZED_AUTOS = YES_AGGRESSIVE;
				GCC_WARN_UNUSED_FUNCTION = YES;
				GCC_WARN_UNUSED_VARIABLE = YES;
				IPHONEOS_DEPLOYMENT_TARGET = 14.1;
				MTL_ENABLE_DEBUG_INFO = INCLUDE_SOURCE;
				MTL_FAST_MATH = YES;
				ONLY_ACTIVE_ARCH = YES;
				SDKROOT = iphoneos;
				SWIFT_ACTIVE_COMPILATION_CONDITIONS = DEBUG;
				SWIFT_OPTIMIZATION_LEVEL = "-Onone";
			};
			name = Debug;
		};
		A4C0C9EA25A2E03400F963EE /* Release */ = {
			isa = XCBuildConfiguration;
			buildSettings = {
				ALWAYS_SEARCH_USER_PATHS = NO;
				CLANG_ANALYZER_NONNULL = YES;
				CLANG_ANALYZER_NUMBER_OBJECT_CONVERSION = YES_AGGRESSIVE;
				CLANG_CXX_LANGUAGE_STANDARD = "gnu++14";
				CLANG_CXX_LIBRARY = "libc++";
				CLANG_ENABLE_MODULES = YES;
				CLANG_ENABLE_OBJC_ARC = YES;
				CLANG_ENABLE_OBJC_WEAK = YES;
				CLANG_WARN_BLOCK_CAPTURE_AUTORELEASING = YES;
				CLANG_WARN_BOOL_CONVERSION = YES;
				CLANG_WARN_COMMA = YES;
				CLANG_WARN_CONSTANT_CONVERSION = YES;
				CLANG_WARN_DEPRECATED_OBJC_IMPLEMENTATIONS = YES;
				CLANG_WARN_DIRECT_OBJC_ISA_USAGE = YES_ERROR;
				CLANG_WARN_DOCUMENTATION_COMMENTS = YES;
				CLANG_WARN_EMPTY_BODY = YES;
				CLANG_WARN_ENUM_CONVERSION = YES;
				CLANG_WARN_INFINITE_RECURSION = YES;
				CLANG_WARN_INT_CONVERSION = YES;
				CLANG_WARN_NON_LITERAL_NULL_CONVERSION = YES;
				CLANG_WARN_OBJC_IMPLICIT_RETAIN_SELF = YES;
				CLANG_WARN_OBJC_LITERAL_CONVERSION = YES;
				CLANG_WARN_OBJC_ROOT_CLASS = YES_ERROR;
				CLANG_WARN_QUOTED_INCLUDE_IN_FRAMEWORK_HEADER = YES;
				CLANG_WARN_RANGE_LOOP_ANALYSIS = YES;
				CLANG_WARN_STRICT_PROTOTYPES = YES;
				CLANG_WARN_SUSPICIOUS_MOVE = YES;
				CLANG_WARN_UNGUARDED_AVAILABILITY = YES_AGGRESSIVE;
				CLANG_WARN_UNREACHABLE_CODE = YES;
				CLANG_WARN__DUPLICATE_METHOD_MATCH = YES;
				COPY_PHASE_STRIP = NO;
				DEBUG_INFORMATION_FORMAT = "dwarf-with-dsym";
				ENABLE_NS_ASSERTIONS = NO;
				ENABLE_STRICT_OBJC_MSGSEND = YES;
				GCC_C_LANGUAGE_STANDARD = gnu11;
				GCC_NO_COMMON_BLOCKS = YES;
				GCC_WARN_64_TO_32_BIT_CONVERSION = YES;
				GCC_WARN_ABOUT_RETURN_TYPE = YES_ERROR;
				GCC_WARN_UNDECLARED_SELECTOR = YES;
				GCC_WARN_UNINITIALIZED_AUTOS = YES_AGGRESSIVE;
				GCC_WARN_UNUSED_FUNCTION = YES;
				GCC_WARN_UNUSED_VARIABLE = YES;
				IPHONEOS_DEPLOYMENT_TARGET = 14.1;
				MTL_ENABLE_DEBUG_INFO = NO;
				MTL_FAST_MATH = YES;
				SDKROOT = iphoneos;
				SWIFT_COMPILATION_MODE = wholemodule;
				SWIFT_OPTIMIZATION_LEVEL = "-O";
				VALIDATE_PRODUCT = YES;
			};
			name = Release;
		};
		A4C0C9EC25A2E03400F963EE /* Debug */ = {
			isa = XCBuildConfiguration;
			buildSettings = {
				ASSETCATALOG_COMPILER_APPICON_NAME = AppIcon;
				ASSETCATALOG_COMPILER_GLOBAL_ACCENT_COLOR_NAME = AccentColor;
				CODE_SIGN_STYLE = Automatic;
				DEVELOPMENT_ASSET_PATHS = "\"CardSwipe/Preview Content\"";
				DEVELOPMENT_TEAM = 493S77954X;
				ENABLE_PREVIEWS = YES;
				INFOPLIST_FILE = CardSwipe/Info.plist;
				LD_RUNPATH_SEARCH_PATHS = (
					"$(inherited)",
					"@executable_path/Frameworks",
				);
				PRODUCT_BUNDLE_IDENTIFIER = com.arvind.CardSwipe;
				PRODUCT_NAME = "$(TARGET_NAME)";
				SWIFT_VERSION = 5.0;
				TARGETED_DEVICE_FAMILY = "1,2";
			};
			name = Debug;
		};
		A4C0C9ED25A2E03400F963EE /* Release */ = {
			isa = XCBuildConfiguration;
			buildSettings = {
				ASSETCATALOG_COMPILER_APPICON_NAME = AppIcon;
				ASSETCATALOG_COMPILER_GLOBAL_ACCENT_COLOR_NAME = AccentColor;
				CODE_SIGN_STYLE = Automatic;
				DEVELOPMENT_ASSET_PATHS = "\"CardSwipe/Preview Content\"";
				DEVELOPMENT_TEAM = 493S77954X;
				ENABLE_PREVIEWS = YES;
				INFOPLIST_FILE = CardSwipe/Info.plist;
				LD_RUNPATH_SEARCH_PATHS = (
					"$(inherited)",
					"@executable_path/Frameworks",
				);
				PRODUCT_BUNDLE_IDENTIFIER = com.arvind.CardSwipe;
				PRODUCT_NAME = "$(TARGET_NAME)";
				SWIFT_VERSION = 5.0;
				TARGETED_DEVICE_FAMILY = "1,2";
			};
			name = Release;
		};
/* End XCBuildConfiguration section */

/* Begin XCConfigurationList section */
		A4C0C9D225A2E03000F963EE /* Build configuration list for PBXProject "CardSwipe" */ = {
			isa = XCConfigurationList;
			buildConfigurations = (
				A4C0C9E925A2E03400F963EE /* Debug */,
				A4C0C9EA25A2E03400F963EE /* Release */,
			);
			defaultConfigurationIsVisible = 0;
			defaultConfigurationName = Release;
		};
		A4C0C9EB25A2E03400F963EE /* Build configuration list for PBXNativeTarget "CardSwipe" */ = {
			isa = XCConfigurationList;
			buildConfigurations = (
				A4C0C9EC25A2E03400F963EE /* Debug */,
				A4C0C9ED25A2E03400F963EE /* Release */,
			);
			defaultConfigurationIsVisible = 0;
			defaultConfigurationName = Release;
		};
/* End XCConfigurationList section */
	};
	rootObject = A4C0C9CF25A2E03000F963EE /* Project object */;
}
